// !$*UTF8*$!
{
	archiveVersion = 1;
	classes = {
	};
	objectVersion = 48;
	objects = {

/* Begin PBXBuildFile section */
		4016787C2068398200D8A5EF /* AccountView.swift in Sources */ = {isa = PBXBuildFile; fileRef = 4016787B2068398200D8A5EF /* AccountView.swift */; };
		4016787E20683E2400D8A5EF /* FirebaseHandler.swift in Sources */ = {isa = PBXBuildFile; fileRef = 4016787D20683E2400D8A5EF /* FirebaseHandler.swift */; };
		4016788020683F0700D8A5EF /* TextField.swift in Sources */ = {isa = PBXBuildFile; fileRef = 4016787F20683F0700D8A5EF /* TextField.swift */; };
		401998852061A52E00411CB8 /* AppDelegate.swift in Sources */ = {isa = PBXBuildFile; fileRef = 401998842061A52E00411CB8 /* AppDelegate.swift */; };
		401998872061A52E00411CB8 /* ViewController.swift in Sources */ = {isa = PBXBuildFile; fileRef = 401998862061A52E00411CB8 /* ViewController.swift */; };
		4019988A2061A52E00411CB8 /* Main.storyboard in Resources */ = {isa = PBXBuildFile; fileRef = 401998882061A52E00411CB8 /* Main.storyboard */; };
		4019988C2061A52E00411CB8 /* Assets.xcassets in Resources */ = {isa = PBXBuildFile; fileRef = 4019988B2061A52E00411CB8 /* Assets.xcassets */; };
		4019988F2061A52E00411CB8 /* LaunchScreen.storyboard in Resources */ = {isa = PBXBuildFile; fileRef = 4019988D2061A52E00411CB8 /* LaunchScreen.storyboard */; };
		40A41F9820647124000E4634 /* Disk+InternalHelpers.swift in Sources */ = {isa = PBXBuildFile; fileRef = 40A41F8D20647123000E4634 /* Disk+InternalHelpers.swift */; };
		40A41F9920647124000E4634 /* Disk.swift in Sources */ = {isa = PBXBuildFile; fileRef = 40A41F8F20647123000E4634 /* Disk.swift */; };
		40A41F9A20647124000E4634 /* Disk+Data.swift in Sources */ = {isa = PBXBuildFile; fileRef = 40A41F9020647123000E4634 /* Disk+Data.swift */; };
		40A41F9B20647124000E4634 /* Disk+Codable.swift in Sources */ = {isa = PBXBuildFile; fileRef = 40A41F9120647123000E4634 /* Disk+Codable.swift */; };
		40A41F9D20647124000E4634 /* Disk+Helpers.swift in Sources */ = {isa = PBXBuildFile; fileRef = 40A41F9320647123000E4634 /* Disk+Helpers.swift */; };
		40A41F9E20647124000E4634 /* Disk+VolumeInformation.swift in Sources */ = {isa = PBXBuildFile; fileRef = 40A41F9420647123000E4634 /* Disk+VolumeInformation.swift */; };
		40A41F9F20647124000E4634 /* Disk+[Data].swift in Sources */ = {isa = PBXBuildFile; fileRef = 40A41F9520647123000E4634 /* Disk+[Data].swift */; };
		40A41FA120647124000E4634 /* Disk+Errors.swift in Sources */ = {isa = PBXBuildFile; fileRef = 40A41F9720647124000E4634 /* Disk+Errors.swift */; };
		40A41FA320649F99000E4634 /* CampaignLevelSelector.swift in Sources */ = {isa = PBXBuildFile; fileRef = 40A41FA220649F99000E4634 /* CampaignLevelSelector.swift */; };
		40A41FA720659C33000E4634 /* PlaySelect.swift in Sources */ = {isa = PBXBuildFile; fileRef = 40A41FA620659C33000E4634 /* PlaySelect.swift */; };
		40A41FAA20659E41000E4634 /* Label.swift in Sources */ = {isa = PBXBuildFile; fileRef = 40A41FA920659E41000E4634 /* Label.swift */; };
		40A41FAF2065A1ED000E4634 /* SF-Pro-Text-Heavy.otf in Resources */ = {isa = PBXBuildFile; fileRef = 40A41FAE2065A1ED000E4634 /* SF-Pro-Text-Heavy.otf */; };
		40A41FB12065A696000E4634 /* SF-Pro-Text-Light.otf in Resources */ = {isa = PBXBuildFile; fileRef = 40A41FB02065A696000E4634 /* SF-Pro-Text-Light.otf */; };
		40A41FB62065B10A000E4634 /* Levels in Resources */ = {isa = PBXBuildFile; fileRef = 40A41FB52065B109000E4634 /* Levels */; };
		40A41FB92065C96A000E4634 /* File.swift in Sources */ = {isa = PBXBuildFile; fileRef = 40A41FB82065C96A000E4634 /* File.swift */; };
		40A41FBB20660512000E4634 /* LevelScrollView.swift in Sources */ = {isa = PBXBuildFile; fileRef = 40A41FBA20660512000E4634 /* LevelScrollView.swift */; };
		40A41FBD2066B647000E4634 /* ColorBox.swift in Sources */ = {isa = PBXBuildFile; fileRef = 40A41FBC2066B647000E4634 /* ColorBox.swift */; };
		40A41FBF2066B6D0000E4634 /* BaseLevelRectangle.swift in Sources */ = {isa = PBXBuildFile; fileRef = 40A41FBE2066B6D0000E4634 /* BaseLevelRectangle.swift */; };
		40B035152066FB7600A4D8FB /* CreateLevelView.swift in Sources */ = {isa = PBXBuildFile; fileRef = 40B035142066FB7600A4D8FB /* CreateLevelView.swift */; };
		40B035172066FB8700A4D8FB /* CreateLevelSelector.swift in Sources */ = {isa = PBXBuildFile; fileRef = 40B035162066FB8700A4D8FB /* CreateLevelSelector.swift */; };
		40B035192066FF3800A4D8FB /* SettingsView.swift in Sources */ = {isa = PBXBuildFile; fileRef = 40B035182066FF3800A4D8FB /* SettingsView.swift */; };
		40B0351B2066FF5300A4D8FB /* SavedLevelsLevelSelector.swift in Sources */ = {isa = PBXBuildFile; fileRef = 40B0351A2066FF5300A4D8FB /* SavedLevelsLevelSelector.swift */; };
		40B0351D2066FF6500A4D8FB /* LevelBeatView.swift in Sources */ = {isa = PBXBuildFile; fileRef = 40B0351C2066FF6500A4D8FB /* LevelBeatView.swift */; };
		40B0351F2067004D00A4D8FB /* LevelSelector.swift in Sources */ = {isa = PBXBuildFile; fileRef = 40B0351E2067004D00A4D8FB /* LevelSelector.swift */; };
		40B035222067290200A4D8FB /* MiscElements.swift in Sources */ = {isa = PBXBuildFile; fileRef = 40B035212067290200A4D8FB /* MiscElements.swift */; };
		40B0352420681C7D00A4D8FB /* GoogleService-Info.plist in Resources */ = {isa = PBXBuildFile; fileRef = 40B0352320681C7D00A4D8FB /* GoogleService-Info.plist */; };
		40E544D22062FA44006505D5 /* GravityWell.swift in Sources */ = {isa = PBXBuildFile; fileRef = 40E544D12062FA44006505D5 /* GravityWell.swift */; };
		40E544D42063108C006505D5 /* Extensions.swift in Sources */ = {isa = PBXBuildFile; fileRef = 40E544D32063108C006505D5 /* Extensions.swift */; };
		40E544D6206336FA006505D5 /* Level.swift in Sources */ = {isa = PBXBuildFile; fileRef = 40E544D5206336FA006505D5 /* Level.swift */; };
		40E544D820633D04006505D5 /* LevelView.swift in Sources */ = {isa = PBXBuildFile; fileRef = 40E544D720633D04006505D5 /* LevelView.swift */; };
		40EDDB9B206445DA006FF6ED /* MenuView.swift in Sources */ = {isa = PBXBuildFile; fileRef = 40EDDB9A206445DA006FF6ED /* MenuView.swift */; };
		40EDDB9D206447A6006FF6ED /* Button.swift in Sources */ = {isa = PBXBuildFile; fileRef = 40EDDB9C206447A6006FF6ED /* Button.swift */; };
		40EDDB9F206448EC006FF6ED /* Screen.swift in Sources */ = {isa = PBXBuildFile; fileRef = 40EDDB9E206448EC006FF6ED /* Screen.swift */; };
		E6A6B1AF1F138E265C1B0FF7 /* Pods_Arthius.framework in Frameworks */ = {isa = PBXBuildFile; fileRef = 0CD0CE8671AF22C36007E769 /* Pods_Arthius.framework */; };
/* End PBXBuildFile section */

/* Begin PBXCopyFilesBuildPhase section */
		4005821420645DD2008C9659 /* Embed Frameworks */ = {
			isa = PBXCopyFilesBuildPhase;
			buildActionMask = 2147483647;
			dstPath = "";
			dstSubfolderSpec = 10;
			files = (
			);
			name = "Embed Frameworks";
			runOnlyForDeploymentPostprocessing = 0;
		};
/* End PBXCopyFilesBuildPhase section */

/* Begin PBXFileReference section */
		0CD0CE8671AF22C36007E769 /* Pods_Arthius.framework */ = {isa = PBXFileReference; explicitFileType = wrapper.framework; includeInIndex = 0; path = Pods_Arthius.framework; sourceTree = BUILT_PRODUCTS_DIR; };
		165F6C7285252D138E364996 /* Pods-Arthius.debug.xcconfig */ = {isa = PBXFileReference; includeInIndex = 1; lastKnownFileType = text.xcconfig; name = "Pods-Arthius.debug.xcconfig"; path = "Pods/Target Support Files/Pods-Arthius/Pods-Arthius.debug.xcconfig"; sourceTree = "<group>"; };
		4016787A206824A200D8A5EF /* Arthius.entitlements */ = {isa = PBXFileReference; lastKnownFileType = text.plist.entitlements; path = Arthius.entitlements; sourceTree = "<group>"; };
		4016787B2068398200D8A5EF /* AccountView.swift */ = {isa = PBXFileReference; lastKnownFileType = sourcecode.swift; path = AccountView.swift; sourceTree = "<group>"; };
		4016787D20683E2400D8A5EF /* FirebaseHandler.swift */ = {isa = PBXFileReference; lastKnownFileType = sourcecode.swift; path = FirebaseHandler.swift; sourceTree = "<group>"; };
		4016787F20683F0700D8A5EF /* TextField.swift */ = {isa = PBXFileReference; lastKnownFileType = sourcecode.swift; path = TextField.swift; sourceTree = "<group>"; };
		401998812061A52E00411CB8 /* Arthius.app */ = {isa = PBXFileReference; explicitFileType = wrapper.application; includeInIndex = 0; path = Arthius.app; sourceTree = BUILT_PRODUCTS_DIR; };
		401998842061A52E00411CB8 /* AppDelegate.swift */ = {isa = PBXFileReference; lastKnownFileType = sourcecode.swift; path = AppDelegate.swift; sourceTree = "<group>"; };
		401998862061A52E00411CB8 /* ViewController.swift */ = {isa = PBXFileReference; lastKnownFileType = sourcecode.swift; path = ViewController.swift; sourceTree = "<group>"; };
		401998892061A52E00411CB8 /* Base */ = {isa = PBXFileReference; lastKnownFileType = file.storyboard; name = Base; path = Base.lproj/Main.storyboard; sourceTree = "<group>"; };
		4019988B2061A52E00411CB8 /* Assets.xcassets */ = {isa = PBXFileReference; lastKnownFileType = folder.assetcatalog; path = Assets.xcassets; sourceTree = "<group>"; };
		4019988E2061A52E00411CB8 /* Base */ = {isa = PBXFileReference; lastKnownFileType = file.storyboard; name = Base; path = Base.lproj/LaunchScreen.storyboard; sourceTree = "<group>"; };
		401998902061A52E00411CB8 /* Info.plist */ = {isa = PBXFileReference; lastKnownFileType = text.plist.xml; path = Info.plist; sourceTree = "<group>"; };
		40A41F8D20647123000E4634 /* Disk+InternalHelpers.swift */ = {isa = PBXFileReference; fileEncoding = 4; lastKnownFileType = sourcecode.swift; path = "Disk+InternalHelpers.swift"; sourceTree = "<group>"; };
		40A41F8E20647123000E4634 /* Disk.h */ = {isa = PBXFileReference; fileEncoding = 4; lastKnownFileType = sourcecode.c.h; path = Disk.h; sourceTree = "<group>"; };
		40A41F8F20647123000E4634 /* Disk.swift */ = {isa = PBXFileReference; fileEncoding = 4; lastKnownFileType = sourcecode.swift; path = Disk.swift; sourceTree = "<group>"; };
		40A41F9020647123000E4634 /* Disk+Data.swift */ = {isa = PBXFileReference; fileEncoding = 4; lastKnownFileType = sourcecode.swift; path = "Disk+Data.swift"; sourceTree = "<group>"; };
		40A41F9120647123000E4634 /* Disk+Codable.swift */ = {isa = PBXFileReference; fileEncoding = 4; lastKnownFileType = sourcecode.swift; path = "Disk+Codable.swift"; sourceTree = "<group>"; };
		40A41F9320647123000E4634 /* Disk+Helpers.swift */ = {isa = PBXFileReference; fileEncoding = 4; lastKnownFileType = sourcecode.swift; path = "Disk+Helpers.swift"; sourceTree = "<group>"; };
		40A41F9420647123000E4634 /* Disk+VolumeInformation.swift */ = {isa = PBXFileReference; fileEncoding = 4; lastKnownFileType = sourcecode.swift; path = "Disk+VolumeInformation.swift"; sourceTree = "<group>"; };
		40A41F9520647123000E4634 /* Disk+[Data].swift */ = {isa = PBXFileReference; fileEncoding = 4; lastKnownFileType = sourcecode.swift; path = "Disk+[Data].swift"; sourceTree = "<group>"; };
		40A41F9720647124000E4634 /* Disk+Errors.swift */ = {isa = PBXFileReference; fileEncoding = 4; lastKnownFileType = sourcecode.swift; path = "Disk+Errors.swift"; sourceTree = "<group>"; };
		40A41FA220649F99000E4634 /* CampaignLevelSelector.swift */ = {isa = PBXFileReference; lastKnownFileType = sourcecode.swift; path = CampaignLevelSelector.swift; sourceTree = "<group>"; };
		40A41FA620659C33000E4634 /* PlaySelect.swift */ = {isa = PBXFileReference; lastKnownFileType = sourcecode.swift; path = PlaySelect.swift; sourceTree = "<group>"; };
		40A41FA920659E41000E4634 /* Label.swift */ = {isa = PBXFileReference; fileEncoding = 4; lastKnownFileType = sourcecode.swift; path = Label.swift; sourceTree = "<group>"; };
		40A41FAE2065A1ED000E4634 /* SF-Pro-Text-Heavy.otf */ = {isa = PBXFileReference; lastKnownFileType = file; path = "SF-Pro-Text-Heavy.otf"; sourceTree = "<group>"; };
		40A41FB02065A696000E4634 /* SF-Pro-Text-Light.otf */ = {isa = PBXFileReference; lastKnownFileType = file; path = "SF-Pro-Text-Light.otf"; sourceTree = "<group>"; };
		40A41FB52065B109000E4634 /* Levels */ = {isa = PBXFileReference; lastKnownFileType = folder; path = Levels; sourceTree = "<group>"; };
		40A41FB82065C96A000E4634 /* File.swift */ = {isa = PBXFileReference; lastKnownFileType = sourcecode.swift; path = File.swift; sourceTree = "<group>"; };
		40A41FBA20660512000E4634 /* LevelScrollView.swift */ = {isa = PBXFileReference; lastKnownFileType = sourcecode.swift; path = LevelScrollView.swift; sourceTree = "<group>"; };
		40A41FBC2066B647000E4634 /* ColorBox.swift */ = {isa = PBXFileReference; lastKnownFileType = sourcecode.swift; path = ColorBox.swift; sourceTree = "<group>"; };
		40A41FBE2066B6D0000E4634 /* BaseLevelRectangle.swift */ = {isa = PBXFileReference; lastKnownFileType = sourcecode.swift; path = BaseLevelRectangle.swift; sourceTree = "<group>"; };
		40B035142066FB7600A4D8FB /* CreateLevelView.swift */ = {isa = PBXFileReference; lastKnownFileType = sourcecode.swift; path = CreateLevelView.swift; sourceTree = "<group>"; };
		40B035162066FB8700A4D8FB /* CreateLevelSelector.swift */ = {isa = PBXFileReference; lastKnownFileType = sourcecode.swift; path = CreateLevelSelector.swift; sourceTree = "<group>"; };
		40B035182066FF3800A4D8FB /* SettingsView.swift */ = {isa = PBXFileReference; lastKnownFileType = sourcecode.swift; path = SettingsView.swift; sourceTree = "<group>"; };
		40B0351A2066FF5300A4D8FB /* SavedLevelsLevelSelector.swift */ = {isa = PBXFileReference; lastKnownFileType = sourcecode.swift; path = SavedLevelsLevelSelector.swift; sourceTree = "<group>"; };
		40B0351C2066FF6500A4D8FB /* LevelBeatView.swift */ = {isa = PBXFileReference; lastKnownFileType = sourcecode.swift; path = LevelBeatView.swift; sourceTree = "<group>"; };
		40B0351E2067004D00A4D8FB /* LevelSelector.swift */ = {isa = PBXFileReference; lastKnownFileType = sourcecode.swift; path = LevelSelector.swift; sourceTree = "<group>"; };
		40B035212067290200A4D8FB /* MiscElements.swift */ = {isa = PBXFileReference; lastKnownFileType = sourcecode.swift; path = MiscElements.swift; sourceTree = "<group>"; };
		40B0352320681C7D00A4D8FB /* GoogleService-Info.plist */ = {isa = PBXFileReference; fileEncoding = 4; lastKnownFileType = text.plist.xml; path = "GoogleService-Info.plist"; sourceTree = "<group>"; };
		40E544D12062FA44006505D5 /* GravityWell.swift */ = {isa = PBXFileReference; lastKnownFileType = sourcecode.swift; path = GravityWell.swift; sourceTree = "<group>"; };
		40E544D32063108C006505D5 /* Extensions.swift */ = {isa = PBXFileReference; lastKnownFileType = sourcecode.swift; path = Extensions.swift; sourceTree = "<group>"; };
		40E544D5206336FA006505D5 /* Level.swift */ = {isa = PBXFileReference; lastKnownFileType = sourcecode.swift; path = Level.swift; sourceTree = "<group>"; };
		40E544D720633D04006505D5 /* LevelView.swift */ = {isa = PBXFileReference; lastKnownFileType = sourcecode.swift; path = LevelView.swift; sourceTree = "<group>"; };
		40EDDB9A206445DA006FF6ED /* MenuView.swift */ = {isa = PBXFileReference; lastKnownFileType = sourcecode.swift; path = MenuView.swift; sourceTree = "<group>"; };
		40EDDB9C206447A6006FF6ED /* Button.swift */ = {isa = PBXFileReference; fileEncoding = 4; lastKnownFileType = sourcecode.swift; path = Button.swift; sourceTree = "<group>"; };
		40EDDB9E206448EC006FF6ED /* Screen.swift */ = {isa = PBXFileReference; lastKnownFileType = sourcecode.swift; path = Screen.swift; sourceTree = "<group>"; };
		90160F80A2F61C321116C0AE /* Pods-Arthius.release.xcconfig */ = {isa = PBXFileReference; includeInIndex = 1; lastKnownFileType = text.xcconfig; name = "Pods-Arthius.release.xcconfig"; path = "Pods/Target Support Files/Pods-Arthius/Pods-Arthius.release.xcconfig"; sourceTree = "<group>"; };
/* End PBXFileReference section */

/* Begin PBXFrameworksBuildPhase section */
		4019987E2061A52E00411CB8 /* Frameworks */ = {
			isa = PBXFrameworksBuildPhase;
			buildActionMask = 2147483647;
			files = (
				E6A6B1AF1F138E265C1B0FF7 /* Pods_Arthius.framework in Frameworks */,
			);
			runOnlyForDeploymentPostprocessing = 0;
		};
/* End PBXFrameworksBuildPhase section */

/* Begin PBXGroup section */
		1B82607DB0D66E5FB4230BFC /* Pods */ = {
			isa = PBXGroup;
			children = (
				165F6C7285252D138E364996 /* Pods-Arthius.debug.xcconfig */,
				90160F80A2F61C321116C0AE /* Pods-Arthius.release.xcconfig */,
			);
			name = Pods;
			sourceTree = "<group>";
		};
		401998782061A52D00411CB8 = {
			isa = PBXGroup;
			children = (
				401998832061A52E00411CB8 /* Arthius */,
				401998822061A52E00411CB8 /* Products */,
				1B82607DB0D66E5FB4230BFC /* Pods */,
				5AD1867BE0DD11FFE80248EE /* Frameworks */,
			);
			sourceTree = "<group>";
		};
		401998822061A52E00411CB8 /* Products */ = {
			isa = PBXGroup;
			children = (
				401998812061A52E00411CB8 /* Arthius.app */,
			);
			name = Products;
			sourceTree = "<group>";
		};
		401998832061A52E00411CB8 /* Arthius */ = {
			isa = PBXGroup;
			children = (
				4016787A206824A200D8A5EF /* Arthius.entitlements */,
				40B0352320681C7D00A4D8FB /* GoogleService-Info.plist */,
				401998842061A52E00411CB8 /* AppDelegate.swift */,
				401998862061A52E00411CB8 /* ViewController.swift */,
				40B0352020671DB400A4D8FB /* Supporting Files */,
				40A41FC02066D8E9000E4634 /* GLS */,
				40A41FB72065C95D000E4634 /* Core */,
				40A41FB52065B109000E4634 /* Levels */,
				40A41FAD20659E5A000E4634 /* LevelElements */,
				40A41FA820659E33000E4634 /* UI */,
				40A41F8C20647114000E4634 /* Disk */,
				40A41FA520659BC0000E4634 /* Views */,
			);
			path = Arthius;
			sourceTree = "<group>";
		};
		40A41F8C20647114000E4634 /* Disk */ = {
			isa = PBXGroup;
			children = (
				40A41F8E20647123000E4634 /* Disk.h */,
				40A41F8F20647123000E4634 /* Disk.swift */,
				40A41F9520647123000E4634 /* Disk+[Data].swift */,
				40A41F9120647123000E4634 /* Disk+Codable.swift */,
				40A41F9020647123000E4634 /* Disk+Data.swift */,
				40A41F9720647124000E4634 /* Disk+Errors.swift */,
				40A41F9320647123000E4634 /* Disk+Helpers.swift */,
				40A41F8D20647123000E4634 /* Disk+InternalHelpers.swift */,
				40A41F9420647123000E4634 /* Disk+VolumeInformation.swift */,
			);
			path = Disk;
			sourceTree = "<group>";
		};
		40A41FA520659BC0000E4634 /* Views */ = {
			isa = PBXGroup;
			children = (
				40EDDB9A206445DA006FF6ED /* MenuView.swift */,
				4016787B2068398200D8A5EF /* AccountView.swift */,
				40E544D720633D04006505D5 /* LevelView.swift */,
				40A41FBA20660512000E4634 /* LevelScrollView.swift */,
				40A41FA620659C33000E4634 /* PlaySelect.swift */,
				40A41FA220649F99000E4634 /* CampaignLevelSelector.swift */,
				40B035162066FB8700A4D8FB /* CreateLevelSelector.swift */,
				40B035142066FB7600A4D8FB /* CreateLevelView.swift */,
				40B035182066FF3800A4D8FB /* SettingsView.swift */,
				40B0351A2066FF5300A4D8FB /* SavedLevelsLevelSelector.swift */,
				40B0351C2066FF6500A4D8FB /* LevelBeatView.swift */,
				40B0351E2067004D00A4D8FB /* LevelSelector.swift */,
			);
			name = Views;
			sourceTree = "<group>";
		};
		40A41FA820659E33000E4634 /* UI */ = {
			isa = PBXGroup;
			children = (
				40A41FAE2065A1ED000E4634 /* SF-Pro-Text-Heavy.otf */,
				40A41FB02065A696000E4634 /* SF-Pro-Text-Light.otf */,
				40A41FA920659E41000E4634 /* Label.swift */,
				40EDDB9C206447A6006FF6ED /* Button.swift */,
			);
			name = UI;
			sourceTree = "<group>";
		};
		40A41FAD20659E5A000E4634 /* LevelElements */ = {
			isa = PBXGroup;
			children = (
				40A41FBE2066B6D0000E4634 /* BaseLevelRectangle.swift */,
				40E544D12062FA44006505D5 /* GravityWell.swift */,
				40A41FBC2066B647000E4634 /* ColorBox.swift */,
				40B035212067290200A4D8FB /* MiscElements.swift */,
				4016787F20683F0700D8A5EF /* TextField.swift */,
			);
			name = LevelElements;
			sourceTree = "<group>";
		};
		40A41FB72065C95D000E4634 /* Core */ = {
			isa = PBXGroup;
			children = (
				40EDDB9E206448EC006FF6ED /* Screen.swift */,
				40E544D32063108C006505D5 /* Extensions.swift */,
				40A41FB82065C96A000E4634 /* File.swift */,
				40E544D5206336FA006505D5 /* Level.swift */,
				4016787D20683E2400D8A5EF /* FirebaseHandler.swift */,
			);
			name = Core;
			sourceTree = "<group>";
		};
		40A41FC02066D8E9000E4634 /* GLS */ = {
			isa = PBXGroup;
			children = (
			);
			path = GLS;
			sourceTree = "<group>";
		};
		40B0352020671DB400A4D8FB /* Supporting Files */ = {
			isa = PBXGroup;
			children = (
				401998882061A52E00411CB8 /* Main.storyboard */,
				4019988B2061A52E00411CB8 /* Assets.xcassets */,
				4019988D2061A52E00411CB8 /* LaunchScreen.storyboard */,
				401998902061A52E00411CB8 /* Info.plist */,
			);
			name = "Supporting Files";
			sourceTree = "<group>";
		};
		5AD1867BE0DD11FFE80248EE /* Frameworks */ = {
			isa = PBXGroup;
			children = (
				0CD0CE8671AF22C36007E769 /* Pods_Arthius.framework */,
			);
			name = Frameworks;
			sourceTree = "<group>";
		};
/* End PBXGroup section */

/* Begin PBXNativeTarget section */
		401998802061A52E00411CB8 /* Arthius */ = {
			isa = PBXNativeTarget;
			buildConfigurationList = 401998932061A52E00411CB8 /* Build configuration list for PBXNativeTarget "Arthius" */;
			buildPhases = (
				861F38D5EF17FF6E88CA8C5E /* [CP] Check Pods Manifest.lock */,
				4019987D2061A52E00411CB8 /* Sources */,
				4019987E2061A52E00411CB8 /* Frameworks */,
				4019987F2061A52E00411CB8 /* Resources */,
				4005821420645DD2008C9659 /* Embed Frameworks */,
				5BCFFDF49AB0B40074ADD6FB /* [CP] Embed Pods Frameworks */,
				A74AFE0FC20EB0D3A879630F /* [CP] Copy Pods Resources */,
			);
			buildRules = (
			);
			dependencies = (
			);
			name = Arthius;
			productName = Arthius;
			productReference = 401998812061A52E00411CB8 /* Arthius.app */;
			productType = "com.apple.product-type.application";
		};
/* End PBXNativeTarget section */

/* Begin PBXProject section */
		401998792061A52D00411CB8 /* Project object */ = {
			isa = PBXProject;
			attributes = {
				LastSwiftUpdateCheck = 0920;
				LastUpgradeCheck = 0930;
				ORGANIZATIONNAME = "satvik borra";
				TargetAttributes = {
					401998802061A52E00411CB8 = {
						CreatedOnToolsVersion = 9.2;
						ProvisioningStyle = Automatic;
						SystemCapabilities = {
							com.apple.iCloud = {
								enabled = 0;
							};
						};
					};
				};
			};
			buildConfigurationList = 4019987C2061A52D00411CB8 /* Build configuration list for PBXProject "Arthius" */;
			compatibilityVersion = "Xcode 8.0";
			developmentRegion = en;
			hasScannedForEncodings = 0;
			knownRegions = (
				en,
				Base,
			);
			mainGroup = 401998782061A52D00411CB8;
			productRefGroup = 401998822061A52E00411CB8 /* Products */;
			projectDirPath = "";
			projectRoot = "";
			targets = (
				401998802061A52E00411CB8 /* Arthius */,
			);
		};
/* End PBXProject section */

/* Begin PBXResourcesBuildPhase section */
		4019987F2061A52E00411CB8 /* Resources */ = {
			isa = PBXResourcesBuildPhase;
			buildActionMask = 2147483647;
			files = (
				4019988F2061A52E00411CB8 /* LaunchScreen.storyboard in Resources */,
				4019988C2061A52E00411CB8 /* Assets.xcassets in Resources */,
				4019988A2061A52E00411CB8 /* Main.storyboard in Resources */,
				40A41FB62065B10A000E4634 /* Levels in Resources */,
				40A41FAF2065A1ED000E4634 /* SF-Pro-Text-Heavy.otf in Resources */,
				40A41FB12065A696000E4634 /* SF-Pro-Text-Light.otf in Resources */,
				40B0352420681C7D00A4D8FB /* GoogleService-Info.plist in Resources */,
			);
			runOnlyForDeploymentPostprocessing = 0;
		};
/* End PBXResourcesBuildPhase section */

/* Begin PBXShellScriptBuildPhase section */
		5BCFFDF49AB0B40074ADD6FB /* [CP] Embed Pods Frameworks */ = {
			isa = PBXShellScriptBuildPhase;
			buildActionMask = 2147483647;
			files = (
			);
			inputPaths = (
				"${SRCROOT}/Pods/Target Support Files/Pods-Arthius/Pods-Arthius-frameworks.sh",
				"${BUILT_PRODUCTS_DIR}/BoringSSL/openssl.framework",
				"${BUILT_PRODUCTS_DIR}/GTMSessionFetcher/GTMSessionFetcher.framework",
				"${BUILT_PRODUCTS_DIR}/GoogleToolboxForMac/GoogleToolboxForMac.framework",
				"${BUILT_PRODUCTS_DIR}/Protobuf/Protobuf.framework",
				"${BUILT_PRODUCTS_DIR}/gRPC/GRPCClient.framework",
				"${BUILT_PRODUCTS_DIR}/gRPC-Core/grpc.framework",
				"${BUILT_PRODUCTS_DIR}/gRPC-ProtoRPC/ProtoRPC.framework",
				"${BUILT_PRODUCTS_DIR}/gRPC-RxLibrary/RxLibrary.framework",
				"${BUILT_PRODUCTS_DIR}/leveldb-library/leveldb.framework",
				"${BUILT_PRODUCTS_DIR}/nanopb/nanopb.framework",
			);
			name = "[CP] Embed Pods Frameworks";
			outputPaths = (
				"${TARGET_BUILD_DIR}/${FRAMEWORKS_FOLDER_PATH}/openssl.framework",
				"${TARGET_BUILD_DIR}/${FRAMEWORKS_FOLDER_PATH}/GTMSessionFetcher.framework",
				"${TARGET_BUILD_DIR}/${FRAMEWORKS_FOLDER_PATH}/GoogleToolboxForMac.framework",
				"${TARGET_BUILD_DIR}/${FRAMEWORKS_FOLDER_PATH}/Protobuf.framework",
				"${TARGET_BUILD_DIR}/${FRAMEWORKS_FOLDER_PATH}/GRPCClient.framework",
				"${TARGET_BUILD_DIR}/${FRAMEWORKS_FOLDER_PATH}/grpc.framework",
				"${TARGET_BUILD_DIR}/${FRAMEWORKS_FOLDER_PATH}/ProtoRPC.framework",
				"${TARGET_BUILD_DIR}/${FRAMEWORKS_FOLDER_PATH}/RxLibrary.framework",
				"${TARGET_BUILD_DIR}/${FRAMEWORKS_FOLDER_PATH}/leveldb.framework",
				"${TARGET_BUILD_DIR}/${FRAMEWORKS_FOLDER_PATH}/nanopb.framework",
			);
			runOnlyForDeploymentPostprocessing = 0;
			shellPath = /bin/sh;
			shellScript = "\"${SRCROOT}/Pods/Target Support Files/Pods-Arthius/Pods-Arthius-frameworks.sh\"\n";
			showEnvVarsInLog = 0;
		};
		861F38D5EF17FF6E88CA8C5E /* [CP] Check Pods Manifest.lock */ = {
			isa = PBXShellScriptBuildPhase;
			buildActionMask = 2147483647;
			files = (
			);
			inputPaths = (
				"${PODS_PODFILE_DIR_PATH}/Podfile.lock",
				"${PODS_ROOT}/Manifest.lock",
			);
			name = "[CP] Check Pods Manifest.lock";
			outputPaths = (
				"$(DERIVED_FILE_DIR)/Pods-Arthius-checkManifestLockResult.txt",
			);
			runOnlyForDeploymentPostprocessing = 0;
			shellPath = /bin/sh;
			shellScript = "diff \"${PODS_PODFILE_DIR_PATH}/Podfile.lock\" \"${PODS_ROOT}/Manifest.lock\" > /dev/null\nif [ $? != 0 ] ; then\n    # print error to STDERR\n    echo \"error: The sandbox is not in sync with the Podfile.lock. Run 'pod install' or update your CocoaPods installation.\" >&2\n    exit 1\nfi\n# This output is used by Xcode 'outputs' to avoid re-running this script phase.\necho \"SUCCESS\" > \"${SCRIPT_OUTPUT_FILE_0}\"\n";
			showEnvVarsInLog = 0;
		};
		A74AFE0FC20EB0D3A879630F /* [CP] Copy Pods Resources */ = {
			isa = PBXShellScriptBuildPhase;
			buildActionMask = 2147483647;
			files = (
			);
			inputPaths = (
			);
			name = "[CP] Copy Pods Resources";
			outputPaths = (
			);
			runOnlyForDeploymentPostprocessing = 0;
			shellPath = /bin/sh;
			shellScript = "\"${SRCROOT}/Pods/Target Support Files/Pods-Arthius/Pods-Arthius-resources.sh\"\n";
			showEnvVarsInLog = 0;
		};
/* End PBXShellScriptBuildPhase section */

/* Begin PBXSourcesBuildPhase section */
		4019987D2061A52E00411CB8 /* Sources */ = {
			isa = PBXSourcesBuildPhase;
			buildActionMask = 2147483647;
			files = (
				40A41F9920647124000E4634 /* Disk.swift in Sources */,
				40EDDB9B206445DA006FF6ED /* MenuView.swift in Sources */,
				40A41FBD2066B647000E4634 /* ColorBox.swift in Sources */,
				40A41F9F20647124000E4634 /* Disk+[Data].swift in Sources */,
				40B0351B2066FF5300A4D8FB /* SavedLevelsLevelSelector.swift in Sources */,
				40E544D22062FA44006505D5 /* GravityWell.swift in Sources */,
				40A41FBB20660512000E4634 /* LevelScrollView.swift in Sources */,
				4016787E20683E2400D8A5EF /* FirebaseHandler.swift in Sources */,
				40B0351F2067004D00A4D8FB /* LevelSelector.swift in Sources */,
				40A41F9B20647124000E4634 /* Disk+Codable.swift in Sources */,
				40A41FA720659C33000E4634 /* PlaySelect.swift in Sources */,
				40A41F9A20647124000E4634 /* Disk+Data.swift in Sources */,
				40E544D820633D04006505D5 /* LevelView.swift in Sources */,
				40A41F9D20647124000E4634 /* Disk+Helpers.swift in Sources */,
				40EDDB9D206447A6006FF6ED /* Button.swift in Sources */,
				401998872061A52E00411CB8 /* ViewController.swift in Sources */,
				40A41F9820647124000E4634 /* Disk+InternalHelpers.swift in Sources */,
				40A41F9E20647124000E4634 /* Disk+VolumeInformation.swift in Sources */,
				40EDDB9F206448EC006FF6ED /* Screen.swift in Sources */,
				40A41FA320649F99000E4634 /* CampaignLevelSelector.swift in Sources */,
				40B0351D2066FF6500A4D8FB /* LevelBeatView.swift in Sources */,
				4016787C2068398200D8A5EF /* AccountView.swift in Sources */,
				40B035152066FB7600A4D8FB /* CreateLevelView.swift in Sources */,
				4016788020683F0700D8A5EF /* TextField.swift in Sources */,
				401998852061A52E00411CB8 /* AppDelegate.swift in Sources */,
				40A41FB92065C96A000E4634 /* File.swift in Sources */,
				40A41FBF2066B6D0000E4634 /* BaseLevelRectangle.swift in Sources */,
				40B035192066FF3800A4D8FB /* SettingsView.swift in Sources */,
				40E544D6206336FA006505D5 /* Level.swift in Sources */,
				40E544D42063108C006505D5 /* Extensions.swift in Sources */,
				40B035172066FB8700A4D8FB /* CreateLevelSelector.swift in Sources */,
				40B035222067290200A4D8FB /* MiscElements.swift in Sources */,
				40A41FAA20659E41000E4634 /* Label.swift in Sources */,
				40A41FA120647124000E4634 /* Disk+Errors.swift in Sources */,
			);
			runOnlyForDeploymentPostprocessing = 0;
		};
/* End PBXSourcesBuildPhase section */

/* Begin PBXVariantGroup section */
		401998882061A52E00411CB8 /* Main.storyboard */ = {
			isa = PBXVariantGroup;
			children = (
				401998892061A52E00411CB8 /* Base */,
			);
			name = Main.storyboard;
			sourceTree = "<group>";
		};
		4019988D2061A52E00411CB8 /* LaunchScreen.storyboard */ = {
			isa = PBXVariantGroup;
			children = (
				4019988E2061A52E00411CB8 /* Base */,
			);
			name = LaunchScreen.storyboard;
			sourceTree = "<group>";
		};
/* End PBXVariantGroup section */

/* Begin XCBuildConfiguration section */
		401998912061A52E00411CB8 /* Debug */ = {
			isa = XCBuildConfiguration;
			buildSettings = {
				ALWAYS_SEARCH_USER_PATHS = NO;
				CLANG_ANALYZER_NONNULL = YES;
				CLANG_ANALYZER_NUMBER_OBJECT_CONVERSION = YES_AGGRESSIVE;
				CLANG_CXX_LANGUAGE_STANDARD = "gnu++14";
				CLANG_CXX_LIBRARY = "libc++";
				CLANG_ENABLE_MODULES = YES;
				CLANG_ENABLE_OBJC_ARC = YES;
				CLANG_WARN_BLOCK_CAPTURE_AUTORELEASING = YES;
				CLANG_WARN_BOOL_CONVERSION = YES;
				CLANG_WARN_COMMA = YES;
				CLANG_WARN_CONSTANT_CONVERSION = YES;
				CLANG_WARN_DEPRECATED_OBJC_IMPLEMENTATIONS = YES;
				CLANG_WARN_DIRECT_OBJC_ISA_USAGE = YES_ERROR;
				CLANG_WARN_DOCUMENTATION_COMMENTS = YES;
				CLANG_WARN_EMPTY_BODY = YES;
				CLANG_WARN_ENUM_CONVERSION = YES;
				CLANG_WARN_INFINITE_RECURSION = YES;
				CLANG_WARN_INT_CONVERSION = YES;
				CLANG_WARN_NON_LITERAL_NULL_CONVERSION = YES;
				CLANG_WARN_OBJC_IMPLICIT_RETAIN_SELF = YES;
				CLANG_WARN_OBJC_LITERAL_CONVERSION = YES;
				CLANG_WARN_OBJC_ROOT_CLASS = YES_ERROR;
				CLANG_WARN_RANGE_LOOP_ANALYSIS = YES;
				CLANG_WARN_STRICT_PROTOTYPES = YES;
				CLANG_WARN_SUSPICIOUS_MOVE = YES;
				CLANG_WARN_UNGUARDED_AVAILABILITY = YES_AGGRESSIVE;
				CLANG_WARN_UNREACHABLE_CODE = YES;
				CLANG_WARN__DUPLICATE_METHOD_MATCH = YES;
				CODE_SIGN_IDENTITY = "iPhone Developer";
				COPY_PHASE_STRIP = NO;
				DEBUG_INFORMATION_FORMAT = dwarf;
				ENABLE_STRICT_OBJC_MSGSEND = YES;
				ENABLE_TESTABILITY = YES;
				GCC_C_LANGUAGE_STANDARD = gnu11;
				GCC_DYNAMIC_NO_PIC = NO;
				GCC_NO_COMMON_BLOCKS = YES;
				GCC_OPTIMIZATION_LEVEL = 0;
				GCC_PREPROCESSOR_DEFINITIONS = (
					"DEBUG=1",
					"$(inherited)",
				);
				GCC_WARN_64_TO_32_BIT_CONVERSION = YES;
				GCC_WARN_ABOUT_RETURN_TYPE = YES_ERROR;
				GCC_WARN_UNDECLARED_SELECTOR = YES;
				GCC_WARN_UNINITIALIZED_AUTOS = YES_AGGRESSIVE;
				GCC_WARN_UNUSED_FUNCTION = YES;
				GCC_WARN_UNUSED_VARIABLE = YES;
				IPHONEOS_DEPLOYMENT_TARGET = 11.2;
				MTL_ENABLE_DEBUG_INFO = YES;
				ONLY_ACTIVE_ARCH = YES;
				SDKROOT = iphoneos;
				SWIFT_ACTIVE_COMPILATION_CONDITIONS = DEBUG;
				SWIFT_OPTIMIZATION_LEVEL = "-Onone";
			};
			name = Debug;
		};
		401998922061A52E00411CB8 /* Release */ = {
			isa = XCBuildConfiguration;
			buildSettings = {
				ALWAYS_SEARCH_USER_PATHS = NO;
				CLANG_ANALYZER_NONNULL = YES;
				CLANG_ANALYZER_NUMBER_OBJECT_CONVERSION = YES_AGGRESSIVE;
				CLANG_CXX_LANGUAGE_STANDARD = "gnu++14";
				CLANG_CXX_LIBRARY = "libc++";
				CLANG_ENABLE_MODULES = YES;
				CLANG_ENABLE_OBJC_ARC = YES;
				CLANG_WARN_BLOCK_CAPTURE_AUTORELEASING = YES;
				CLANG_WARN_BOOL_CONVERSION = YES;
				CLANG_WARN_COMMA = YES;
				CLANG_WARN_CONSTANT_CONVERSION = YES;
				CLANG_WARN_DEPRECATED_OBJC_IMPLEMENTATIONS = YES;
				CLANG_WARN_DIRECT_OBJC_ISA_USAGE = YES_ERROR;
				CLANG_WARN_DOCUMENTATION_COMMENTS = YES;
				CLANG_WARN_EMPTY_BODY = YES;
				CLANG_WARN_ENUM_CONVERSION = YES;
				CLANG_WARN_INFINITE_RECURSION = YES;
				CLANG_WARN_INT_CONVERSION = YES;
				CLANG_WARN_NON_LITERAL_NULL_CONVERSION = YES;
				CLANG_WARN_OBJC_IMPLICIT_RETAIN_SELF = YES;
				CLANG_WARN_OBJC_LITERAL_CONVERSION = YES;
				CLANG_WARN_OBJC_ROOT_CLASS = YES_ERROR;
				CLANG_WARN_RANGE_LOOP_ANALYSIS = YES;
				CLANG_WARN_STRICT_PROTOTYPES = YES;
				CLANG_WARN_SUSPICIOUS_MOVE = YES;
				CLANG_WARN_UNGUARDED_AVAILABILITY = YES_AGGRESSIVE;
				CLANG_WARN_UNREACHABLE_CODE = YES;
				CLANG_WARN__DUPLICATE_METHOD_MATCH = YES;
				CODE_SIGN_IDENTITY = "iPhone Developer";
				COPY_PHASE_STRIP = NO;
				DEBUG_INFORMATION_FORMAT = "dwarf-with-dsym";
				ENABLE_NS_ASSERTIONS = NO;
				ENABLE_STRICT_OBJC_MSGSEND = YES;
				GCC_C_LANGUAGE_STANDARD = gnu11;
				GCC_NO_COMMON_BLOCKS = YES;
				GCC_WARN_64_TO_32_BIT_CONVERSION = YES;
				GCC_WARN_ABOUT_RETURN_TYPE = YES_ERROR;
				GCC_WARN_UNDECLARED_SELECTOR = YES;
				GCC_WARN_UNINITIALIZED_AUTOS = YES_AGGRESSIVE;
				GCC_WARN_UNUSED_FUNCTION = YES;
				GCC_WARN_UNUSED_VARIABLE = YES;
				IPHONEOS_DEPLOYMENT_TARGET = 11.2;
				MTL_ENABLE_DEBUG_INFO = NO;
				SDKROOT = iphoneos;
				SWIFT_OPTIMIZATION_LEVEL = "-Owholemodule";
				VALIDATE_PRODUCT = YES;
			};
			name = Release;
		};
		401998942061A52E00411CB8 /* Debug */ = {
			isa = XCBuildConfiguration;
			baseConfigurationReference = 165F6C7285252D138E364996 /* Pods-Arthius.debug.xcconfig */;
			buildSettings = {
				ASSETCATALOG_COMPILER_APPICON_NAME = AppIcon;
				CODE_SIGN_STYLE = Automatic;
				DEVELOPMENT_TEAM = 6TYW8P6552;
				FRAMEWORK_SEARCH_PATHS = (
					"$(inherited)",
					"$(PROJECT_DIR)/Arthius",
					"$(PROJECT_DIR)",
				);
				INFOPLIST_FILE = Arthius/Info.plist;
				IPHONEOS_DEPLOYMENT_TARGET = 11.0;
				LD_RUNPATH_SEARCH_PATHS = "$(inherited) @executable_path/Frameworks";
				PRODUCT_BUNDLE_IDENTIFIER = com.vborra.Arthius;
				PRODUCT_NAME = "$(TARGET_NAME)";
				SWIFT_VERSION = 4.0;
				TARGETED_DEVICE_FAMILY = "1,2";
			};
			name = Debug;
		};
		401998952061A52E00411CB8 /* Release */ = {
			isa = XCBuildConfiguration;
			baseConfigurationReference = 90160F80A2F61C321116C0AE /* Pods-Arthius.release.xcconfig */;
			buildSettings = {
				ASSETCATALOG_COMPILER_APPICON_NAME = AppIcon;
				CODE_SIGN_STYLE = Automatic;
				DEVELOPMENT_TEAM = 6TYW8P6552;
				FRAMEWORK_SEARCH_PATHS = (
					"$(inherited)",
					"$(PROJECT_DIR)/Arthius",
					"$(PROJECT_DIR)",
				);
				INFOPLIST_FILE = Arthius/Info.plist;
				IPHONEOS_DEPLOYMENT_TARGET = 11.0;
				LD_RUNPATH_SEARCH_PATHS = "$(inherited) @executable_path/Frameworks";
				PRODUCT_BUNDLE_IDENTIFIER = com.vborra.Arthius;
				PRODUCT_NAME = "$(TARGET_NAME)";
				SWIFT_VERSION = 4.0;
				TARGETED_DEVICE_FAMILY = "1,2";
			};
			name = Release;
		};
/* End XCBuildConfiguration section */

/* Begin XCConfigurationList section */
		4019987C2061A52D00411CB8 /* Build configuration list for PBXProject "Arthius" */ = {
			isa = XCConfigurationList;
			buildConfigurations = (
				401998912061A52E00411CB8 /* Debug */,
				401998922061A52E00411CB8 /* Release */,
			);
			defaultConfigurationIsVisible = 0;
			defaultConfigurationName = Release;
		};
		401998932061A52E00411CB8 /* Build configuration list for PBXNativeTarget "Arthius" */ = {
			isa = XCConfigurationList;
			buildConfigurations = (
				401998942061A52E00411CB8 /* Debug */,
				401998952061A52E00411CB8 /* Release */,
			);
			defaultConfigurationIsVisible = 0;
			defaultConfigurationName = Release;
		};
/* End XCConfigurationList section */
	};
	rootObject = 401998792061A52D00411CB8 /* Project object */;
}
